dependencies:
- name: grafana-agent
  repository: https://grafana.github.io/helm-charts
  version: 0.18.0
- name: opentelemetry-collector
  repository: https://open-telemetry.github.io/opentelemetry-helm-charts
  version: 0.62.3
- name: kube-state-metrics
  repository: https://prometheus-community.github.io/helm-charts
  version: 5.10.1
- name: prometheus-node-exporter
  repository: https://prometheus-community.github.io/helm-charts
  version: 4.21.0
- name: prometheus-operator-crds
  repository: https://prometheus-community.github.io/helm-charts
  version: 5.0.0
- name: opencost
  repository: https://opencost.github.io/opencost-helm-chart
  version: 1.18.0
digest: sha256:aca73b48c3117a2c4e56e3aaba7c44bfb46678c45a4a0fffc3ff20edef875bba
generated: "2023-07-28T21:11:17.550415-05:00"
