dependencies:
- name: grafana-agent
  repository: https://grafana.github.io/helm-charts
  version: 0.18.0
- name: kube-state-metrics
  repository: https://prometheus-community.github.io/helm-charts
  version: 5.10.1
- name: prometheus-node-exporter
  repository: https://prometheus-community.github.io/helm-charts
  version: 4.21.0
- name: prometheus-operator-crds
  repository: https://prometheus-community.github.io/helm-charts
  version: 5.0.0
- name: prometheus-windows-exporter
  repository: https://prometheus-community.github.io/helm-charts
  version: 0.1.0
- name: opencost
  repository: https://opencost.github.io/opencost-helm-chart
  version: 1.18.0
digest: sha256:1fd355236166e9b184ad736f6b429267326a5e746755be41f647c2d5f2c87702
generated: "2023-07-31T21:32:47.520855-05:00"
